
Microsoft Visual Studio Solution File, Format Version 12.00
# Visual Studio Version 17
VisualStudioVersion = 17.10.35004.147
MinimumVisualStudioVersion = 10.0.40219.1
Project("{FAE04EC0-301F-11D3-BF4B-00C04F79EFBC}") = "Account ID With Name", "Account ID With Name\Account ID With Name.csproj", "{FCA59FF5-6A03-43BB-A518-90AF6C2D0A75}"
EndProject
Global
	GlobalSection(SolutionConfigurationPlatforms) = preSolution
		Debug|Any CPU = Debug|Any CPU
		Release|Any CPU = Release|Any CPU
	EndGlobalSection
	GlobalSection(ProjectConfigurationPlatforms) = postSolution
		{FCA59FF5-6A03-43BB-A518-90AF6C2D0A75}.Debug|Any CPU.ActiveCfg = Debug|Any CPU
		{FCA59FF5-6A03-43BB-A518-90AF6C2D0A75}.Debug|Any CPU.Build.0 = Debug|Any CPU
		{FCA59FF5-6A03-43BB-A518-90AF6C2D0A75}.Release|Any CPU.ActiveCfg = Release|Any CPU
		{FCA59FF5-6A03-43BB-A518-90AF6C2D0A75}.Release|Any CPU.Build.0 = Release|Any CPU
	EndGlobalSection
	GlobalSection(SolutionProperties) = preSolution
		HideSolutionNode = FALSE
	EndGlobalSection
	GlobalSection(ExtensibilityGlobals) = postSolution
		SolutionGuid = {42B8F54B-6E32-458A-9456-DF8D58C00224}
	EndGlobalSection
EndGlobal
